
Microsoft Visual Studio Solution File, Format Version 12.00
# Visual Studio Version 17
VisualStudioVersion = 17.2.32210.308
MinimumVisualStudioVersion = 10.0.40219.1
Project("{2150E333-8FDC-42A3-9474-1A3956D46DE8}") = "App", "App", "{0A9C791E-012E-412F-BACB-6413E18DB22C}"
	ProjectSection(SolutionItems) = preProject
		App\Directory.Build.props = App\Directory.Build.props
	EndProjectSection
EndProject
Project("{2150E333-8FDC-42A3-9474-1A3956D46DE8}") = "Api", "Api", "{35D2A91F-5E55-4057-9B37-735F272C5C99}"
EndProject
Project("{2150E333-8FDC-42A3-9474-1A3956D46DE8}") = "Common", "Common", "{F2929ECE-EB99-47A0-B305-EBB71448833A}"
EndProject
Project("{9A19103F-16F7-4668-BE54-9A1E7A4F7556}") = "CookBook.Common", "Common\CookBook.Common\CookBook.Common.csproj", "{2CAEBA5C-D948-4460-9F42-E07EBC1C7455}"
EndProject
Project("{2150E333-8FDC-42A3-9474-1A3956D46DE8}") = "Solution Items", "Solution Items", "{C4DCB461-286B-4AE0-A243-BA50C1C73D64}"
	ProjectSection(SolutionItems) = preProject
		.editorconfig = .editorconfig
	EndProjectSection
EndProject
Project("{9A19103F-16F7-4668-BE54-9A1E7A4F7556}") = "CookBook.App", "App\CookBook.App\CookBook.App.csproj", "{A58A19AA-D3F8-4966-B4C8-83FFCEB3C39D}"
EndProject
Project("{9A19103F-16F7-4668-BE54-9A1E7A4F7556}") = "CookBook.App.Components.Desktop", "App\CookBook.App.Components.Desktop\CookBook.App.Components.Desktop.csproj", "{4EBEB7B2-F66F-4DE2-8BBD-F2A88EAEB883}"
EndProject
Project("{2150E333-8FDC-42A3-9474-1A3956D46DE8}") = "Components", "Components", "{FDBF4339-9734-4994-83B1-C7DBAB57A73F}"
EndProject
Project("{9A19103F-16F7-4668-BE54-9A1E7A4F7556}") = "CookBook.App.Components.Common", "App\CookBook.App.Components.Common\CookBook.App.Components.Common.csproj", "{270A347B-0D0A-4C55-A3CD-A7C0A2D91CA7}"
EndProject
Project("{9A19103F-16F7-4668-BE54-9A1E7A4F7556}") = "CookBook.App.Components.Phone", "App\CookBook.App.Components.Phone\CookBook.App.Components.Phone.csproj", "{A13B1847-D82E-4176-8E01-5C69E44E7159}"
EndProject
Project("{9A19103F-16F7-4668-BE54-9A1E7A4F7556}") = "CookBook.Api", "Api\CookBook.Api\CookBook.Api.csproj", "{BBF3F007-E9A6-4466-880F-FC844946B7CD}"
EndProject
Project("{9A19103F-16F7-4668-BE54-9A1E7A4F7556}") = "CookBook.Api.BL", "Api\CookBook.Api.BL\CookBook.Api.BL.csproj", "{8B9B5518-18D1-4FCE-9BF5-D9EE840D9B34}"
EndProject
Project("{9A19103F-16F7-4668-BE54-9A1E7A4F7556}") = "CookBook.Api.DAL", "Api\CookBook.Api.DAL\CookBook.Api.DAL.csproj", "{AC692BCE-BFD8-4FEB-9323-70DFF04C2CAE}"
EndProject
Global
	GlobalSection(SolutionConfigurationPlatforms) = preSolution
		Debug Desktop|Any CPU = Debug Desktop|Any CPU
		Debug Phone|Any CPU = Debug Phone|Any CPU
		Debug|Any CPU = Debug|Any CPU
		Release Desktop|Any CPU = Release Desktop|Any CPU
		Release Phone|Any CPU = Release Phone|Any CPU
		Release|Any CPU = Release|Any CPU
	EndGlobalSection
	GlobalSection(ProjectConfigurationPlatforms) = postSolution
		{2CAEBA5C-D948-4460-9F42-E07EBC1C7455}.Debug Desktop|Any CPU.ActiveCfg = Debug|Any CPU
		{2CAEBA5C-D948-4460-9F42-E07EBC1C7455}.Debug Desktop|Any CPU.Build.0 = Debug|Any CPU
		{2CAEBA5C-D948-4460-9F42-E07EBC1C7455}.Debug Phone|Any CPU.ActiveCfg = Debug|Any CPU
		{2CAEBA5C-D948-4460-9F42-E07EBC1C7455}.Debug Phone|Any CPU.Build.0 = Debug|Any CPU
		{2CAEBA5C-D948-4460-9F42-E07EBC1C7455}.Debug|Any CPU.ActiveCfg = Debug|Any CPU
		{2CAEBA5C-D948-4460-9F42-E07EBC1C7455}.Debug|Any CPU.Build.0 = Debug|Any CPU
		{2CAEBA5C-D948-4460-9F42-E07EBC1C7455}.Release Desktop|Any CPU.ActiveCfg = Release|Any CPU
		{2CAEBA5C-D948-4460-9F42-E07EBC1C7455}.Release Desktop|Any CPU.Build.0 = Release|Any CPU
		{2CAEBA5C-D948-4460-9F42-E07EBC1C7455}.Release Phone|Any CPU.ActiveCfg = Release|Any CPU
		{2CAEBA5C-D948-4460-9F42-E07EBC1C7455}.Release Phone|Any CPU.Build.0 = Release|Any CPU
		{2CAEBA5C-D948-4460-9F42-E07EBC1C7455}.Release|Any CPU.ActiveCfg = Release|Any CPU
		{2CAEBA5C-D948-4460-9F42-E07EBC1C7455}.Release|Any CPU.Build.0 = Release|Any CPU
		{A58A19AA-D3F8-4966-B4C8-83FFCEB3C39D}.Debug Desktop|Any CPU.ActiveCfg = Debug Desktop|Any CPU
		{A58A19AA-D3F8-4966-B4C8-83FFCEB3C39D}.Debug Desktop|Any CPU.Build.0 = Debug Desktop|Any CPU
		{A58A19AA-D3F8-4966-B4C8-83FFCEB3C39D}.Debug Desktop|Any CPU.Deploy.0 = Debug Desktop|Any CPU
		{A58A19AA-D3F8-4966-B4C8-83FFCEB3C39D}.Debug Phone|Any CPU.ActiveCfg = Debug Phone|Any CPU
		{A58A19AA-D3F8-4966-B4C8-83FFCEB3C39D}.Debug Phone|Any CPU.Build.0 = Debug Phone|Any CPU
		{A58A19AA-D3F8-4966-B4C8-83FFCEB3C39D}.Debug Phone|Any CPU.Deploy.0 = Debug Phone|Any CPU
		{A58A19AA-D3F8-4966-B4C8-83FFCEB3C39D}.Debug|Any CPU.ActiveCfg = Debug Desktop|Any CPU
		{A58A19AA-D3F8-4966-B4C8-83FFCEB3C39D}.Debug|Any CPU.Build.0 = Debug Desktop|Any CPU
		{A58A19AA-D3F8-4966-B4C8-83FFCEB3C39D}.Debug|Any CPU.Deploy.0 = Debug Desktop|Any CPU
		{A58A19AA-D3F8-4966-B4C8-83FFCEB3C39D}.Release Desktop|Any CPU.ActiveCfg = Release Desktop|Any CPU
		{A58A19AA-D3F8-4966-B4C8-83FFCEB3C39D}.Release Desktop|Any CPU.Build.0 = Release Desktop|Any CPU
		{A58A19AA-D3F8-4966-B4C8-83FFCEB3C39D}.Release Desktop|Any CPU.Deploy.0 = Release Desktop|Any CPU
		{A58A19AA-D3F8-4966-B4C8-83FFCEB3C39D}.Release Phone|Any CPU.ActiveCfg = Release Phone|Any CPU
		{A58A19AA-D3F8-4966-B4C8-83FFCEB3C39D}.Release Phone|Any CPU.Build.0 = Release Phone|Any CPU
		{A58A19AA-D3F8-4966-B4C8-83FFCEB3C39D}.Release Phone|Any CPU.Deploy.0 = Release Phone|Any CPU
		{A58A19AA-D3F8-4966-B4C8-83FFCEB3C39D}.Release|Any CPU.ActiveCfg = Release Desktop|Any CPU
		{A58A19AA-D3F8-4966-B4C8-83FFCEB3C39D}.Release|Any CPU.Build.0 = Release Desktop|Any CPU
		{A58A19AA-D3F8-4966-B4C8-83FFCEB3C39D}.Release|Any CPU.Deploy.0 = Release Desktop|Any CPU
		{4EBEB7B2-F66F-4DE2-8BBD-F2A88EAEB883}.Debug Desktop|Any CPU.ActiveCfg = Debug Desktop|Any CPU
		{4EBEB7B2-F66F-4DE2-8BBD-F2A88EAEB883}.Debug Desktop|Any CPU.Build.0 = Debug Desktop|Any CPU
		{4EBEB7B2-F66F-4DE2-8BBD-F2A88EAEB883}.Debug Phone|Any CPU.ActiveCfg = Debug Phone|Any CPU
		{4EBEB7B2-F66F-4DE2-8BBD-F2A88EAEB883}.Debug Phone|Any CPU.Build.0 = Debug Phone|Any CPU
		{4EBEB7B2-F66F-4DE2-8BBD-F2A88EAEB883}.Debug|Any CPU.ActiveCfg = Debug Desktop|Any CPU
		{4EBEB7B2-F66F-4DE2-8BBD-F2A88EAEB883}.Debug|Any CPU.Build.0 = Debug Desktop|Any CPU
		{4EBEB7B2-F66F-4DE2-8BBD-F2A88EAEB883}.Release Desktop|Any CPU.ActiveCfg = Release Desktop|Any CPU
		{4EBEB7B2-F66F-4DE2-8BBD-F2A88EAEB883}.Release Desktop|Any CPU.Build.0 = Release Desktop|Any CPU
		{4EBEB7B2-F66F-4DE2-8BBD-F2A88EAEB883}.Release Phone|Any CPU.ActiveCfg = Release Phone|Any CPU
		{4EBEB7B2-F66F-4DE2-8BBD-F2A88EAEB883}.Release Phone|Any CPU.Build.0 = Release Phone|Any CPU
		{4EBEB7B2-F66F-4DE2-8BBD-F2A88EAEB883}.Release|Any CPU.ActiveCfg = Release Desktop|Any CPU
		{4EBEB7B2-F66F-4DE2-8BBD-F2A88EAEB883}.Release|Any CPU.Build.0 = Release Desktop|Any CPU
		{270A347B-0D0A-4C55-A3CD-A7C0A2D91CA7}.Debug Desktop|Any CPU.ActiveCfg = Debug Desktop|Any CPU
		{270A347B-0D0A-4C55-A3CD-A7C0A2D91CA7}.Debug Desktop|Any CPU.Build.0 = Debug Desktop|Any CPU
		{270A347B-0D0A-4C55-A3CD-A7C0A2D91CA7}.Debug Phone|Any CPU.ActiveCfg = Debug Phone|Any CPU
		{270A347B-0D0A-4C55-A3CD-A7C0A2D91CA7}.Debug Phone|Any CPU.Build.0 = Debug Phone|Any CPU
		{270A347B-0D0A-4C55-A3CD-A7C0A2D91CA7}.Debug|Any CPU.ActiveCfg = Debug Desktop|Any CPU
		{270A347B-0D0A-4C55-A3CD-A7C0A2D91CA7}.Debug|Any CPU.Build.0 = Debug Desktop|Any CPU
		{270A347B-0D0A-4C55-A3CD-A7C0A2D91CA7}.Release Desktop|Any CPU.ActiveCfg = Release Desktop|Any CPU
		{270A347B-0D0A-4C55-A3CD-A7C0A2D91CA7}.Release Desktop|Any CPU.Build.0 = Release Desktop|Any CPU
		{270A347B-0D0A-4C55-A3CD-A7C0A2D91CA7}.Release Phone|Any CPU.ActiveCfg = Release Phone|Any CPU
		{270A347B-0D0A-4C55-A3CD-A7C0A2D91CA7}.Release Phone|Any CPU.Build.0 = Release Phone|Any CPU
		{270A347B-0D0A-4C55-A3CD-A7C0A2D91CA7}.Release|Any CPU.ActiveCfg = Release Desktop|Any CPU
		{270A347B-0D0A-4C55-A3CD-A7C0A2D91CA7}.Release|Any CPU.Build.0 = Release Desktop|Any CPU
		{A13B1847-D82E-4176-8E01-5C69E44E7159}.Debug Desktop|Any CPU.ActiveCfg = Debug Desktop|Any CPU
		{A13B1847-D82E-4176-8E01-5C69E44E7159}.Debug Desktop|Any CPU.Build.0 = Debug Desktop|Any CPU
		{A13B1847-D82E-4176-8E01-5C69E44E7159}.Debug Phone|Any CPU.ActiveCfg = Debug Phone|Any CPU
		{A13B1847-D82E-4176-8E01-5C69E44E7159}.Debug Phone|Any CPU.Build.0 = Debug Phone|Any CPU
		{A13B1847-D82E-4176-8E01-5C69E44E7159}.Debug|Any CPU.ActiveCfg = Debug Desktop|Any CPU
		{A13B1847-D82E-4176-8E01-5C69E44E7159}.Debug|Any CPU.Build.0 = Debug Desktop|Any CPU
		{A13B1847-D82E-4176-8E01-5C69E44E7159}.Release Desktop|Any CPU.ActiveCfg = Release Desktop|Any CPU
		{A13B1847-D82E-4176-8E01-5C69E44E7159}.Release Desktop|Any CPU.Build.0 = Release Desktop|Any CPU
		{A13B1847-D82E-4176-8E01-5C69E44E7159}.Release Phone|Any CPU.ActiveCfg = Release Phone|Any CPU
		{A13B1847-D82E-4176-8E01-5C69E44E7159}.Release Phone|Any CPU.Build.0 = Release Phone|Any CPU
		{A13B1847-D82E-4176-8E01-5C69E44E7159}.Release|Any CPU.ActiveCfg = Release Desktop|Any CPU
		{A13B1847-D82E-4176-8E01-5C69E44E7159}.Release|Any CPU.Build.0 = Release Desktop|Any CPU
		{BBF3F007-E9A6-4466-880F-FC844946B7CD}.Debug Desktop|Any CPU.ActiveCfg = Debug|Any CPU
		{BBF3F007-E9A6-4466-880F-FC844946B7CD}.Debug Desktop|Any CPU.Build.0 = Debug|Any CPU
		{BBF3F007-E9A6-4466-880F-FC844946B7CD}.Debug Phone|Any CPU.ActiveCfg = Debug|Any CPU
		{BBF3F007-E9A6-4466-880F-FC844946B7CD}.Debug Phone|Any CPU.Build.0 = Debug|Any CPU
		{BBF3F007-E9A6-4466-880F-FC844946B7CD}.Debug|Any CPU.ActiveCfg = Debug|Any CPU
		{BBF3F007-E9A6-4466-880F-FC844946B7CD}.Debug|Any CPU.Build.0 = Debug|Any CPU
		{BBF3F007-E9A6-4466-880F-FC844946B7CD}.Release Desktop|Any CPU.ActiveCfg = Release|Any CPU
		{BBF3F007-E9A6-4466-880F-FC844946B7CD}.Release Desktop|Any CPU.Build.0 = Release|Any CPU
		{BBF3F007-E9A6-4466-880F-FC844946B7CD}.Release Phone|Any CPU.ActiveCfg = Release|Any CPU
		{BBF3F007-E9A6-4466-880F-FC844946B7CD}.Release Phone|Any CPU.Build.0 = Release|Any CPU
		{BBF3F007-E9A6-4466-880F-FC844946B7CD}.Release|Any CPU.ActiveCfg = Release|Any CPU
		{BBF3F007-E9A6-4466-880F-FC844946B7CD}.Release|Any CPU.Build.0 = Release|Any CPU
		{8B9B5518-18D1-4FCE-9BF5-D9EE840D9B34}.Debug Desktop|Any CPU.ActiveCfg = Debug|Any CPU
		{8B9B5518-18D1-4FCE-9BF5-D9EE840D9B34}.Debug Desktop|Any CPU.Build.0 = Debug|Any CPU
		{8B9B5518-18D1-4FCE-9BF5-D9EE840D9B34}.Debug Phone|Any CPU.ActiveCfg = Debug|Any CPU
		{8B9B5518-18D1-4FCE-9BF5-D9EE840D9B34}.Debug Phone|Any CPU.Build.0 = Debug|Any CPU
		{8B9B5518-18D1-4FCE-9BF5-D9EE840D9B34}.Debug|Any CPU.ActiveCfg = Debug|Any CPU
		{8B9B5518-18D1-4FCE-9BF5-D9EE840D9B34}.Debug|Any CPU.Build.0 = Debug|Any CPU
		{8B9B5518-18D1-4FCE-9BF5-D9EE840D9B34}.Release Desktop|Any CPU.ActiveCfg = Release|Any CPU
		{8B9B5518-18D1-4FCE-9BF5-D9EE840D9B34}.Release Desktop|Any CPU.Build.0 = Release|Any CPU
		{8B9B5518-18D1-4FCE-9BF5-D9EE840D9B34}.Release Phone|Any CPU.ActiveCfg = Release|Any CPU
		{8B9B5518-18D1-4FCE-9BF5-D9EE840D9B34}.Release Phone|Any CPU.Build.0 = Release|Any CPU
		{8B9B5518-18D1-4FCE-9BF5-D9EE840D9B34}.Release|Any CPU.ActiveCfg = Release|Any CPU
		{8B9B5518-18D1-4FCE-9BF5-D9EE840D9B34}.Release|Any CPU.Build.0 = Release|Any CPU
		{AC692BCE-BFD8-4FEB-9323-70DFF04C2CAE}.Debug Desktop|Any CPU.ActiveCfg = Debug|Any CPU
		{AC692BCE-BFD8-4FEB-9323-70DFF04C2CAE}.Debug Desktop|Any CPU.Build.0 = Debug|Any CPU
		{AC692BCE-BFD8-4FEB-9323-70DFF04C2CAE}.Debug Phone|Any CPU.ActiveCfg = Debug|Any CPU
		{AC692BCE-BFD8-4FEB-9323-70DFF04C2CAE}.Debug Phone|Any CPU.Build.0 = Debug|Any CPU
		{AC692BCE-BFD8-4FEB-9323-70DFF04C2CAE}.Debug|Any CPU.ActiveCfg = Debug|Any CPU
		{AC692BCE-BFD8-4FEB-9323-70DFF04C2CAE}.Debug|Any CPU.Build.0 = Debug|Any CPU
		{AC692BCE-BFD8-4FEB-9323-70DFF04C2CAE}.Release Desktop|Any CPU.ActiveCfg = Release|Any CPU
		{AC692BCE-BFD8-4FEB-9323-70DFF04C2CAE}.Release Desktop|Any CPU.Build.0 = Release|Any CPU
		{AC692BCE-BFD8-4FEB-9323-70DFF04C2CAE}.Release Phone|Any CPU.ActiveCfg = Release|Any CPU
		{AC692BCE-BFD8-4FEB-9323-70DFF04C2CAE}.Release Phone|Any CPU.Build.0 = Release|Any CPU
		{AC692BCE-BFD8-4FEB-9323-70DFF04C2CAE}.Release|Any CPU.ActiveCfg = Release|Any CPU
		{AC692BCE-BFD8-4FEB-9323-70DFF04C2CAE}.Release|Any CPU.Build.0 = Release|Any CPU
	EndGlobalSection
	GlobalSection(SolutionProperties) = preSolution
		HideSolutionNode = FALSE
	EndGlobalSection
	GlobalSection(NestedProjects) = preSolution
		{2CAEBA5C-D948-4460-9F42-E07EBC1C7455} = {F2929ECE-EB99-47A0-B305-EBB71448833A}
		{A58A19AA-D3F8-4966-B4C8-83FFCEB3C39D} = {0A9C791E-012E-412F-BACB-6413E18DB22C}
		{4EBEB7B2-F66F-4DE2-8BBD-F2A88EAEB883} = {FDBF4339-9734-4994-83B1-C7DBAB57A73F}
		{FDBF4339-9734-4994-83B1-C7DBAB57A73F} = {0A9C791E-012E-412F-BACB-6413E18DB22C}
		{270A347B-0D0A-4C55-A3CD-A7C0A2D91CA7} = {FDBF4339-9734-4994-83B1-C7DBAB57A73F}
		{A13B1847-D82E-4176-8E01-5C69E44E7159} = {FDBF4339-9734-4994-83B1-C7DBAB57A73F}
		{BBF3F007-E9A6-4466-880F-FC844946B7CD} = {35D2A91F-5E55-4057-9B37-735F272C5C99}
		{8B9B5518-18D1-4FCE-9BF5-D9EE840D9B34} = {35D2A91F-5E55-4057-9B37-735F272C5C99}
		{AC692BCE-BFD8-4FEB-9323-70DFF04C2CAE} = {35D2A91F-5E55-4057-9B37-735F272C5C99}
	EndGlobalSection
	GlobalSection(ExtensibilityGlobals) = postSolution
		SolutionGuid = {217CAA8F-92AB-4156-AD90-39412D3172F5}
	EndGlobalSection
EndGlobal
